
Microsoft Visual Studio Solution File, Format Version 12.00
# Visual Studio Version 17
VisualStudioVersion = 17.4.33213.308
MinimumVisualStudioVersion = 10.0.40219.1
Project("{FAE04EC0-301F-11D3-BF4B-00C04F79EFBC}") = "ML", "ML\ML.csproj", "{2A906B48-79E8-42E5-92FA-CF6D6A24A112}"
EndProject
Project("{FAE04EC0-301F-11D3-BF4B-00C04F79EFBC}") = "DL", "DL\DL.csproj", "{F5E439AF-BFDD-4635-8620-460F1DC0880A}"
EndProject
Project("{FAE04EC0-301F-11D3-BF4B-00C04F79EFBC}") = "BL", "BL\BL.csproj", "{9C7DCA1F-11C5-467D-976E-F7E250A7CF29}"
EndProject
Project("{FAE04EC0-301F-11D3-BF4B-00C04F79EFBC}") = "PL", "PL\PL.csproj", "{A5D23C59-5DB2-42C9-B844-148F34086FB7}"
EndProject
Project("{FAE04EC0-301F-11D3-BF4B-00C04F79EFBC}") = "SL", "SL\SL.csproj", "{060AAB07-B1A3-414A-AE2D-DDC45BC8FBE8}"
EndProject
Global
	GlobalSection(SolutionConfigurationPlatforms) = preSolution
		Debug|Any CPU = Debug|Any CPU
		Release|Any CPU = Release|Any CPU
	EndGlobalSection
	GlobalSection(ProjectConfigurationPlatforms) = postSolution
		{2A906B48-79E8-42E5-92FA-CF6D6A24A112}.Debug|Any CPU.ActiveCfg = Debug|Any CPU
		{2A906B48-79E8-42E5-92FA-CF6D6A24A112}.Debug|Any CPU.Build.0 = Debug|Any CPU
		{2A906B48-79E8-42E5-92FA-CF6D6A24A112}.Release|Any CPU.ActiveCfg = Release|Any CPU
		{2A906B48-79E8-42E5-92FA-CF6D6A24A112}.Release|Any CPU.Build.0 = Release|Any CPU
		{F5E439AF-BFDD-4635-8620-460F1DC0880A}.Debug|Any CPU.ActiveCfg = Debug|Any CPU
		{F5E439AF-BFDD-4635-8620-460F1DC0880A}.Debug|Any CPU.Build.0 = Debug|Any CPU
		{F5E439AF-BFDD-4635-8620-460F1DC0880A}.Release|Any CPU.ActiveCfg = Release|Any CPU
		{F5E439AF-BFDD-4635-8620-460F1DC0880A}.Release|Any CPU.Build.0 = Release|Any CPU
		{9C7DCA1F-11C5-467D-976E-F7E250A7CF29}.Debug|Any CPU.ActiveCfg = Debug|Any CPU
		{9C7DCA1F-11C5-467D-976E-F7E250A7CF29}.Debug|Any CPU.Build.0 = Debug|Any CPU
		{9C7DCA1F-11C5-467D-976E-F7E250A7CF29}.Release|Any CPU.ActiveCfg = Release|Any CPU
		{9C7DCA1F-11C5-467D-976E-F7E250A7CF29}.Release|Any CPU.Build.0 = Release|Any CPU
		{A5D23C59-5DB2-42C9-B844-148F34086FB7}.Debug|Any CPU.ActiveCfg = Debug|Any CPU
		{A5D23C59-5DB2-42C9-B844-148F34086FB7}.Debug|Any CPU.Build.0 = Debug|Any CPU
		{A5D23C59-5DB2-42C9-B844-148F34086FB7}.Release|Any CPU.ActiveCfg = Release|Any CPU
		{A5D23C59-5DB2-42C9-B844-148F34086FB7}.Release|Any CPU.Build.0 = Release|Any CPU
		{060AAB07-B1A3-414A-AE2D-DDC45BC8FBE8}.Debug|Any CPU.ActiveCfg = Debug|Any CPU
		{060AAB07-B1A3-414A-AE2D-DDC45BC8FBE8}.Debug|Any CPU.Build.0 = Debug|Any CPU
		{060AAB07-B1A3-414A-AE2D-DDC45BC8FBE8}.Release|Any CPU.ActiveCfg = Release|Any CPU
		{060AAB07-B1A3-414A-AE2D-DDC45BC8FBE8}.Release|Any CPU.Build.0 = Release|Any CPU
	EndGlobalSection
	GlobalSection(SolutionProperties) = preSolution
		HideSolutionNode = FALSE
	EndGlobalSection
	GlobalSection(ExtensibilityGlobals) = postSolution
		SolutionGuid = {CE705853-9366-4D09-B5DB-C6C2C5CA9B90}
	EndGlobalSection
EndGlobal
